<?xml version="1.0" encoding="utf-8"?>
<Project ToolsVersion="4.0" xmlns="http://schemas.microsoft.com/developer/msbuild/2003">
  <ItemGroup>
    <Filter Include="Source Files">
      <UniqueIdentifier>{4FC737F1-C7A5-4376-A066-2A32D752A2FF}</UniqueIdentifier>
      <Extensions>cpp;c;cc;cxx;c++;def;odl;idl;hpj;bat;asm;asmx</Extensions>
    </Filter>
    <Filter Include="Header Files">
      <UniqueIdentifier>{93995380-89BD-4b04-88EB-625FBE52EBFB}</UniqueIdentifier>
      <Extensions>h;hh;hpp;hxx;h++;hm;inl;inc;ipp;xsd</Extensions>
    </Filter>
    <Filter Include="Resource Files">
      <UniqueIdentifier>{67DA6AB6-F800-4c08-8B7A-83BB121AAD01}</UniqueIdentifier>
      <Extensions>rc;ico;cur;bmp;dlg;rc2;rct;bin;rgs;gif;jpg;jpeg;jpe;resx;tiff;tif;png;wav;mfcribbon-ms</Extensions>
    </Filter>
    <Filter Include="Header Files\Abstract Classes">
      <UniqueIdentifier>{ff660734-8988-4689-89da-5748e092e5cf}</UniqueIdentifier>
    </Filter>
    <Filter Include="Header Files\Games">
      <UniqueIdentifier>{7e78a704-1a6a-4fdd-9b73-4ba1d94a61de}</UniqueIdentifier>
    </Filter>
    <Filter Include="Header Files\Games\Racing">
      <UniqueIdentifier>{9a33d603-89e4-49db-b0f7-87c636576b41}</UniqueIdentifier>
    </Filter>
    <Filter Include="Header Files\Games\Snake">
      <UniqueIdentifier>{55363e80-3a70-4e67-a01c-baf4db650e5b}</UniqueIdentifier>
    </Filter>
    <Filter Include="Source Files\Games">
      <UniqueIdentifier>{21d4af2c-bee4-4f44-b626-8cfd0ae68022}</UniqueIdentifier>
    </Filter>
    <Filter Include="Source Files\Games\Racing">
      <UniqueIdentifier>{2fe02546-3856-4ca1-b86c-57a2ddafbc7c}</UniqueIdentifier>
    </Filter>
    <Filter Include="Source Files\Games\Snake">
      <UniqueIdentifier>{74ecc7dc-ea8d-43a4-b4f1-3d8d6b5c0b19}</UniqueIdentifier>
    </Filter>
    <Filter Include="Header Files\Games\Tetris">
      <UniqueIdentifier>{5b287991-ea55-4e71-ab83-b230400c2925}</UniqueIdentifier>
    </Filter>
    <Filter Include="Source Files\TetrisGame">
      <UniqueIdentifier>{db459f6d-8446-4ec9-bdfa-5f1bea8a7493}</UniqueIdentifier>
    </Filter>
  </ItemGroup>
  <ItemGroup>
    <ClCompile Include="main.cpp">
      <Filter>Source Files</Filter>
    </ClCompile>
    <ClCompile Include="Tetris.cpp">
      <Filter>Source Files</Filter>
    </ClCompile>
    <ClCompile Include="Racing.cpp">
      <Filter>Source Files\Games\Racing</Filter>
    </ClCompile>
    <ClCompile Include="RacingEnemy.cpp">
      <Filter>Source Files\Games\Racing</Filter>
    </ClCompile>
    <ClCompile Include="RacingPlayer.cpp">
      <Filter>Source Files\Games\Racing</Filter>
    </ClCompile>
    <ClCompile Include="Snake.cpp">
      <Filter>Source Files\Games\Snake</Filter>
    </ClCompile>
    <ClCompile Include="SnakeFood.cpp">
      <Filter>Source Files\Games\Snake</Filter>
    </ClCompile>
    <ClCompile Include="SnakePlayer.cpp">
      <Filter>Source Files\Games\Snake</Filter>
    </ClCompile>
    <ClCompile Include="TetrisGame.cpp">
      <Filter>Source Files\TetrisGame</Filter>
    </ClCompile>
  </ItemGroup>
  <ItemGroup>
    <ClInclude Include="Tetris.h">
      <Filter>Header Files</Filter>
    </ClInclude>
    <ClInclude Include="Game.h">
      <Filter>Header Files\Abstract Classes</Filter>
    </ClInclude>
    <ClInclude Include="Unit.h">
      <Filter>Header Files\Abstract Classes</Filter>
    </ClInclude>
    <ClInclude Include="Racing.h">
      <Filter>Header Files\Games\Racing</Filter>
    </ClInclude>
    <ClInclude Include="RacingEnemy.h">
      <Filter>Header Files\Games\Racing</Filter>
    </ClInclude>
    <ClInclude Include="RacingPlayer.h">
      <Filter>Header Files\Games\Racing</Filter>
    </ClInclude>
    <ClInclude Include="Helpers.h">
      <Filter>Header Files</Filter>
    </ClInclude>
    <ClInclude Include="SnakePlayer.h">
      <Filter>Header Files\Games\Snake</Filter>
    </ClInclude>
    <ClInclude Include="Snake.h">
      <Filter>Header Files\Games\Snake</Filter>
    </ClInclude>
    <ClInclude Include="SnakeFood.h">
      <Filter>Header Files\Games\Snake</Filter>
    </ClInclude>
    <ClInclude Include="TetrisGame.h">
      <Filter>Header Files\Games\Tetris</Filter>
    </ClInclude>
  </ItemGroup>
</Project>